// !$*UTF8*$!
{
	archiveVersion = 1;
	classes = {
	};
	objectVersion = 50;
	objects = {

/* Begin PBXBuildFile section */
		2D9D5D8E594A4D32A3D7BB36 /* Pods_MusicPlayerTests.framework in Frameworks */ = {isa = PBXBuildFile; fileRef = F11C89F81F956B26F5F41269 /* Pods_MusicPlayerTests.framework */; };
		7B70C814F0243A3C86DD42AD /* Pods_MusicPlayer.framework in Frameworks */ = {isa = PBXBuildFile; fileRef = 4A18DFB26413558465D66BA2 /* Pods_MusicPlayer.framework */; };
		E00323E3219DA9C500BF96BE /* MPChannelViewHeader.swift in Sources */ = {isa = PBXBuildFile; fileRef = E00323E2219DA9C500BF96BE /* MPChannelViewHeader.swift */; };
		E00323E5219DAA0C00BF96BE /* MPChannelViewCell.swift in Sources */ = {isa = PBXBuildFile; fileRef = E00323E4219DAA0C00BF96BE /* MPChannelViewCell.swift */; };
		E00323E7219DB0EA00BF96BE /* MPChannelData.swift in Sources */ = {isa = PBXBuildFile; fileRef = E00323E6219DB0EA00BF96BE /* MPChannelData.swift */; };
		E00323E9219FC87E00BF96BE /* MPChannelAPI.swift in Sources */ = {isa = PBXBuildFile; fileRef = E00323E8219FC87E00BF96BE /* MPChannelAPI.swift */; };
		E00323EB21A014F300BF96BE /* MPPlayViewController.swift in Sources */ = {isa = PBXBuildFile; fileRef = E00323EA21A014F300BF96BE /* MPPlayViewController.swift */; };
		E02D586B219930FB00208FE2 /* MPChannelViewController.swift in Sources */ = {isa = PBXBuildFile; fileRef = E02D586A219930FB00208FE2 /* MPChannelViewController.swift */; };
		E042437C21B915E700447846 /* Notification.swift in Sources */ = {isa = PBXBuildFile; fileRef = E042437B21B915E700447846 /* Notification.swift */; };
		E042437F21B91D3500447846 /* time.swift in Sources */ = {isa = PBXBuildFile; fileRef = E042437E21B91D3500447846 /* time.swift */; };
		E042438121BBA86200447846 /* MPWebViewController.swift in Sources */ = {isa = PBXBuildFile; fileRef = E042438021BBA86200447846 /* MPWebViewController.swift */; };
		E04AA3572196D9B500A40CFB /* URL.swift in Sources */ = {isa = PBXBuildFile; fileRef = E04AA3562196D9B500A40CFB /* URL.swift */; };
		E04AA3592197FD3700A40CFB /* MPRankTableViewCell.swift in Sources */ = {isa = PBXBuildFile; fileRef = E04AA3582197FD3700A40CFB /* MPRankTableViewCell.swift */; };
		E04AA35B2198034A00A40CFB /* MPRankData.swift in Sources */ = {isa = PBXBuildFile; fileRef = E04AA35A2198034A00A40CFB /* MPRankData.swift */; };
		E04AA35D219822F800A40CFB /* MPRankAPI.swift in Sources */ = {isa = PBXBuildFile; fileRef = E04AA35C219822F800A40CFB /* MPRankAPI.swift */; };
		E05538612195B9E600F6802D /* AppDelegate.swift in Sources */ = {isa = PBXBuildFile; fileRef = E05538602195B9E600F6802D /* AppDelegate.swift */; };
		E05538632195B9E600F6802D /* ViewController.swift in Sources */ = {isa = PBXBuildFile; fileRef = E05538622195B9E600F6802D /* ViewController.swift */; };
		E05538662195B9E600F6802D /* Main.storyboard in Resources */ = {isa = PBXBuildFile; fileRef = E05538642195B9E600F6802D /* Main.storyboard */; };
		E05538682195B9E700F6802D /* Assets.xcassets in Resources */ = {isa = PBXBuildFile; fileRef = E05538672195B9E700F6802D /* Assets.xcassets */; };
		E055386B2195B9E700F6802D /* LaunchScreen.storyboard in Resources */ = {isa = PBXBuildFile; fileRef = E05538692195B9E700F6802D /* LaunchScreen.storyboard */; };
		E05538762195B9E700F6802D /* MusicPlayerTests.swift in Sources */ = {isa = PBXBuildFile; fileRef = E05538752195B9E700F6802D /* MusicPlayerTests.swift */; };
		E05538812195B9E700F6802D /* MusicPlayerUITests.swift in Sources */ = {isa = PBXBuildFile; fileRef = E05538802195B9E700F6802D /* MusicPlayerUITests.swift */; };
		E05C81A521A26EEB00F723D9 /* MPPlayContentView.swift in Sources */ = {isa = PBXBuildFile; fileRef = E05C81A421A26EEB00F723D9 /* MPPlayContentView.swift */; };
		E05EB1CE21CF3BAF00FB1DE3 /* ImageBridge.swift in Sources */ = {isa = PBXBuildFile; fileRef = E05EB1CD21CF3BAF00FB1DE3 /* ImageBridge.swift */; };
		E082714721967518000E8CCD /* MPImageSlideshowView.swift in Sources */ = {isa = PBXBuildFile; fileRef = E082714621967518000E8CCD /* MPImageSlideshowView.swift */; };
		E082714921967526000E8CCD /* MPImageSlideshowCell.swift in Sources */ = {isa = PBXBuildFile; fileRef = E082714821967526000E8CCD /* MPImageSlideshowCell.swift */; };
		E082714B2196752F000E8CCD /* MPBoxSongViewCell.swift in Sources */ = {isa = PBXBuildFile; fileRef = E082714A2196752F000E8CCD /* MPBoxSongViewCell.swift */; };
		E082714D21967538000E8CCD /* MPBoxSongViewHeader.swift in Sources */ = {isa = PBXBuildFile; fileRef = E082714C21967538000E8CCD /* MPBoxSongViewHeader.swift */; };
		E082714F21967541000E8CCD /* MPCollectionEmptyCell.swift in Sources */ = {isa = PBXBuildFile; fileRef = E082714E21967541000E8CCD /* MPCollectionEmptyCell.swift */; };
		E082715121967549000E8CCD /* MPCopyrightViewCell.swift in Sources */ = {isa = PBXBuildFile; fileRef = E082715021967549000E8CCD /* MPCopyrightViewCell.swift */; };
		E082715521967589000E8CCD /* MPRecommendViewController.swift in Sources */ = {isa = PBXBuildFile; fileRef = E082715421967589000E8CCD /* MPRecommendViewController.swift */; };
		E082715721967592000E8CCD /* MPTabBarChildViewController.swift in Sources */ = {isa = PBXBuildFile; fileRef = E082715621967592000E8CCD /* MPTabBarChildViewController.swift */; };
		E08271592196759B000E8CCD /* MPSearchViewController.swift in Sources */ = {isa = PBXBuildFile; fileRef = E08271582196759B000E8CCD /* MPSearchViewController.swift */; };
		E082715B219675E0000E8CCD /* MPRankViewController.swift in Sources */ = {isa = PBXBuildFile; fileRef = E082715A219675E0000E8CCD /* MPRankViewController.swift */; };
		E082715D21967650000E8CCD /* MPBaseData.swift in Sources */ = {isa = PBXBuildFile; fileRef = E082715C21967650000E8CCD /* MPBaseData.swift */; };
		E082715F21967659000E8CCD /* MPRecommendData.swift in Sources */ = {isa = PBXBuildFile; fileRef = E082715E21967659000E8CCD /* MPRecommendData.swift */; };
		E082716121967681000E8CCD /* MPImageSlideshowDelegate.swift in Sources */ = {isa = PBXBuildFile; fileRef = E082716021967681000E8CCD /* MPImageSlideshowDelegate.swift */; };
		E0827163219676A8000E8CCD /* MPTabBarItemEnum.swift in Sources */ = {isa = PBXBuildFile; fileRef = E0827162219676A8000E8CCD /* MPTabBarItemEnum.swift */; };
		E0827165219676AF000E8CCD /* MPErrorEnum.swift in Sources */ = {isa = PBXBuildFile; fileRef = E0827164219676AF000E8CCD /* MPErrorEnum.swift */; };
		E0827167219676D1000E8CCD /* UIImageView.swift in Sources */ = {isa = PBXBuildFile; fileRef = E0827166219676D1000E8CCD /* UIImageView.swift */; };
		E0827169219676EA000E8CCD /* MPBaseURLSession.swift in Sources */ = {isa = PBXBuildFile; fileRef = E0827168219676EA000E8CCD /* MPBaseURLSession.swift */; };
		E082716B219676F3000E8CCD /* MPRecommendAPI.swift in Sources */ = {isa = PBXBuildFile; fileRef = E082716A219676F3000E8CCD /* MPRecommendAPI.swift */; };
		E0BFA13C21BFE3AE0001A424 /* bridge.js in Resources */ = {isa = PBXBuildFile; fileRef = E0BFA13B21BFE3AE0001A424 /* bridge.js */; };
		E0BFA13E21BFE6560001A424 /* Bridge.swift in Sources */ = {isa = PBXBuildFile; fileRef = E0BFA13D21BFE6560001A424 /* Bridge.swift */; };
		E0BFA14221C14F6B0001A424 /* HandlerCmd.swift in Sources */ = {isa = PBXBuildFile; fileRef = E0BFA14121C14F6B0001A424 /* HandlerCmd.swift */; };
		E0C79A1F21C63E4B0035782F /* LocaleStore.swift in Sources */ = {isa = PBXBuildFile; fileRef = E0C79A1E21C63E4B0035782F /* LocaleStore.swift */; };
		E0DD947521B7E4B8009A6E45 /* UIViewController.swift in Sources */ = {isa = PBXBuildFile; fileRef = E0DD947421B7E4B8009A6E45 /* UIViewController.swift */; };
		E0DD947721B8C1C3009A6E45 /* UIImage.swift in Sources */ = {isa = PBXBuildFile; fileRef = E0DD947621B8C1C3009A6E45 /* UIImage.swift */; };
		E0F7187C21ABA9AD00D39984 /* PlayerManager.swift in Sources */ = {isa = PBXBuildFile; fileRef = E0F7187B21ABA9AD00D39984 /* PlayerManager.swift */; };
		E0F7188021AD6C9E00D39984 /* PlayerDelegate.swift in Sources */ = {isa = PBXBuildFile; fileRef = E0F7187F21AD6C9E00D39984 /* PlayerDelegate.swift */; };
		E774275020717B9B9358F268 /* Pods_MusicPlayerUITests.framework in Frameworks */ = {isa = PBXBuildFile; fileRef = 6D8546A4049BA7ACD2E22DA0 /* Pods_MusicPlayerUITests.framework */; };
/* End PBXBuildFile section */

/* Begin PBXContainerItemProxy section */
		E05538722195B9E700F6802D /* PBXContainerItemProxy */ = {
			isa = PBXContainerItemProxy;
			containerPortal = E05538552195B9E600F6802D /* Project object */;
			proxyType = 1;
			remoteGlobalIDString = E055385C2195B9E600F6802D;
			remoteInfo = MusicPlayer;
		};
		E055387D2195B9E700F6802D /* PBXContainerItemProxy */ = {
			isa = PBXContainerItemProxy;
			containerPortal = E05538552195B9E600F6802D /* Project object */;
			proxyType = 1;
			remoteGlobalIDString = E055385C2195B9E600F6802D;
			remoteInfo = MusicPlayer;
		};
/* End PBXContainerItemProxy section */

/* Begin PBXFileReference section */
		0580977DA9B50000CE1FDD00 /* Pods-MusicPlayer.debug.xcconfig */ = {isa = PBXFileReference; includeInIndex = 1; lastKnownFileType = text.xcconfig; name = "Pods-MusicPlayer.debug.xcconfig"; path = "Pods/Target Support Files/Pods-MusicPlayer/Pods-MusicPlayer.debug.xcconfig"; sourceTree = "<group>"; };
		101B6ED501614CC96DEE4490 /* Pods-MusicPlayerUITests.release.xcconfig */ = {isa = PBXFileReference; includeInIndex = 1; lastKnownFileType = text.xcconfig; name = "Pods-MusicPlayerUITests.release.xcconfig"; path = "Pods/Target Support Files/Pods-MusicPlayerUITests/Pods-MusicPlayerUITests.release.xcconfig"; sourceTree = "<group>"; };
		4A18DFB26413558465D66BA2 /* Pods_MusicPlayer.framework */ = {isa = PBXFileReference; explicitFileType = wrapper.framework; includeInIndex = 0; path = Pods_MusicPlayer.framework; sourceTree = BUILT_PRODUCTS_DIR; };
		5144B3AA890803659EEE4B1D /* Pods-MusicPlayerTests.debug.xcconfig */ = {isa = PBXFileReference; includeInIndex = 1; lastKnownFileType = text.xcconfig; name = "Pods-MusicPlayerTests.debug.xcconfig"; path = "Pods/Target Support Files/Pods-MusicPlayerTests/Pods-MusicPlayerTests.debug.xcconfig"; sourceTree = "<group>"; };
		55681C6DB539F6B8EBEFA18B /* Pods-MusicPlayerUITests.debug.xcconfig */ = {isa = PBXFileReference; includeInIndex = 1; lastKnownFileType = text.xcconfig; name = "Pods-MusicPlayerUITests.debug.xcconfig"; path = "Pods/Target Support Files/Pods-MusicPlayerUITests/Pods-MusicPlayerUITests.debug.xcconfig"; sourceTree = "<group>"; };
		6D8546A4049BA7ACD2E22DA0 /* Pods_MusicPlayerUITests.framework */ = {isa = PBXFileReference; explicitFileType = wrapper.framework; includeInIndex = 0; path = Pods_MusicPlayerUITests.framework; sourceTree = BUILT_PRODUCTS_DIR; };
		AE2CB32E322C0005EF68E01B /* Pods-MusicPlayer.release.xcconfig */ = {isa = PBXFileReference; includeInIndex = 1; lastKnownFileType = text.xcconfig; name = "Pods-MusicPlayer.release.xcconfig"; path = "Pods/Target Support Files/Pods-MusicPlayer/Pods-MusicPlayer.release.xcconfig"; sourceTree = "<group>"; };
		DDB188FD9D997023583A9406 /* Pods-MusicPlayerTests.release.xcconfig */ = {isa = PBXFileReference; includeInIndex = 1; lastKnownFileType = text.xcconfig; name = "Pods-MusicPlayerTests.release.xcconfig"; path = "Pods/Target Support Files/Pods-MusicPlayerTests/Pods-MusicPlayerTests.release.xcconfig"; sourceTree = "<group>"; };
		E00323E2219DA9C500BF96BE /* MPChannelViewHeader.swift */ = {isa = PBXFileReference; lastKnownFileType = sourcecode.swift; path = MPChannelViewHeader.swift; sourceTree = "<group>"; };
		E00323E4219DAA0C00BF96BE /* MPChannelViewCell.swift */ = {isa = PBXFileReference; lastKnownFileType = sourcecode.swift; path = MPChannelViewCell.swift; sourceTree = "<group>"; };
		E00323E6219DB0EA00BF96BE /* MPChannelData.swift */ = {isa = PBXFileReference; lastKnownFileType = sourcecode.swift; path = MPChannelData.swift; sourceTree = "<group>"; };
		E00323E8219FC87E00BF96BE /* MPChannelAPI.swift */ = {isa = PBXFileReference; lastKnownFileType = sourcecode.swift; path = MPChannelAPI.swift; sourceTree = "<group>"; };
		E00323EA21A014F300BF96BE /* MPPlayViewController.swift */ = {isa = PBXFileReference; lastKnownFileType = sourcecode.swift; path = MPPlayViewController.swift; sourceTree = "<group>"; };
		E02D586A219930FB00208FE2 /* MPChannelViewController.swift */ = {isa = PBXFileReference; lastKnownFileType = sourcecode.swift; path = MPChannelViewController.swift; sourceTree = "<group>"; };
		E042437B21B915E700447846 /* Notification.swift */ = {isa = PBXFileReference; lastKnownFileType = sourcecode.swift; path = Notification.swift; sourceTree = "<group>"; };
		E042437E21B91D3500447846 /* time.swift */ = {isa = PBXFileReference; lastKnownFileType = sourcecode.swift; path = time.swift; sourceTree = "<group>"; };
		E042438021BBA86200447846 /* MPWebViewController.swift */ = {isa = PBXFileReference; lastKnownFileType = sourcecode.swift; path = MPWebViewController.swift; sourceTree = "<group>"; };
		E04AA3562196D9B500A40CFB /* URL.swift */ = {isa = PBXFileReference; lastKnownFileType = sourcecode.swift; path = URL.swift; sourceTree = "<group>"; };
		E04AA3582197FD3700A40CFB /* MPRankTableViewCell.swift */ = {isa = PBXFileReference; lastKnownFileType = sourcecode.swift; path = MPRankTableViewCell.swift; sourceTree = "<group>"; };
		E04AA35A2198034A00A40CFB /* MPRankData.swift */ = {isa = PBXFileReference; lastKnownFileType = sourcecode.swift; path = MPRankData.swift; sourceTree = "<group>"; };
		E04AA35C219822F800A40CFB /* MPRankAPI.swift */ = {isa = PBXFileReference; lastKnownFileType = sourcecode.swift; path = MPRankAPI.swift; sourceTree = "<group>"; };
		E055385D2195B9E600F6802D /* MusicPlayer.app */ = {isa = PBXFileReference; explicitFileType = wrapper.application; includeInIndex = 0; path = MusicPlayer.app; sourceTree = BUILT_PRODUCTS_DIR; };
		E05538602195B9E600F6802D /* AppDelegate.swift */ = {isa = PBXFileReference; lastKnownFileType = sourcecode.swift; path = AppDelegate.swift; sourceTree = "<group>"; };
		E05538622195B9E600F6802D /* ViewController.swift */ = {isa = PBXFileReference; lastKnownFileType = sourcecode.swift; path = ViewController.swift; sourceTree = "<group>"; };
		E05538652195B9E600F6802D /* Base */ = {isa = PBXFileReference; lastKnownFileType = file.storyboard; name = Base; path = Base.lproj/Main.storyboard; sourceTree = "<group>"; };
		E05538672195B9E700F6802D /* Assets.xcassets */ = {isa = PBXFileReference; lastKnownFileType = folder.assetcatalog; path = Assets.xcassets; sourceTree = "<group>"; };
		E055386A2195B9E700F6802D /* Base */ = {isa = PBXFileReference; lastKnownFileType = file.storyboard; name = Base; path = Base.lproj/LaunchScreen.storyboard; sourceTree = "<group>"; };
		E055386C2195B9E700F6802D /* Info.plist */ = {isa = PBXFileReference; lastKnownFileType = text.plist.xml; path = Info.plist; sourceTree = "<group>"; };
		E05538712195B9E700F6802D /* MusicPlayerTests.xctest */ = {isa = PBXFileReference; explicitFileType = wrapper.cfbundle; includeInIndex = 0; path = MusicPlayerTests.xctest; sourceTree = BUILT_PRODUCTS_DIR; };
		E05538752195B9E700F6802D /* MusicPlayerTests.swift */ = {isa = PBXFileReference; lastKnownFileType = sourcecode.swift; path = MusicPlayerTests.swift; sourceTree = "<group>"; };
		E05538772195B9E700F6802D /* Info.plist */ = {isa = PBXFileReference; lastKnownFileType = text.plist.xml; path = Info.plist; sourceTree = "<group>"; };
		E055387C2195B9E700F6802D /* MusicPlayerUITests.xctest */ = {isa = PBXFileReference; explicitFileType = wrapper.cfbundle; includeInIndex = 0; path = MusicPlayerUITests.xctest; sourceTree = BUILT_PRODUCTS_DIR; };
		E05538802195B9E700F6802D /* MusicPlayerUITests.swift */ = {isa = PBXFileReference; lastKnownFileType = sourcecode.swift; path = MusicPlayerUITests.swift; sourceTree = "<group>"; };
		E05538822195B9E700F6802D /* Info.plist */ = {isa = PBXFileReference; lastKnownFileType = text.plist.xml; path = Info.plist; sourceTree = "<group>"; };
		E05C81A421A26EEB00F723D9 /* MPPlayContentView.swift */ = {isa = PBXFileReference; lastKnownFileType = sourcecode.swift; path = MPPlayContentView.swift; sourceTree = "<group>"; };
		E05EB1CD21CF3BAF00FB1DE3 /* ImageBridge.swift */ = {isa = PBXFileReference; lastKnownFileType = sourcecode.swift; path = ImageBridge.swift; sourceTree = "<group>"; };
		E082714621967518000E8CCD /* MPImageSlideshowView.swift */ = {isa = PBXFileReference; lastKnownFileType = sourcecode.swift; path = MPImageSlideshowView.swift; sourceTree = "<group>"; };
		E082714821967526000E8CCD /* MPImageSlideshowCell.swift */ = {isa = PBXFileReference; lastKnownFileType = sourcecode.swift; path = MPImageSlideshowCell.swift; sourceTree = "<group>"; };
		E082714A2196752F000E8CCD /* MPBoxSongViewCell.swift */ = {isa = PBXFileReference; lastKnownFileType = sourcecode.swift; path = MPBoxSongViewCell.swift; sourceTree = "<group>"; };
		E082714C21967538000E8CCD /* MPBoxSongViewHeader.swift */ = {isa = PBXFileReference; lastKnownFileType = sourcecode.swift; path = MPBoxSongViewHeader.swift; sourceTree = "<group>"; };
		E082714E21967541000E8CCD /* MPCollectionEmptyCell.swift */ = {isa = PBXFileReference; lastKnownFileType = sourcecode.swift; path = MPCollectionEmptyCell.swift; sourceTree = "<group>"; };
		E082715021967549000E8CCD /* MPCopyrightViewCell.swift */ = {isa = PBXFileReference; lastKnownFileType = sourcecode.swift; path = MPCopyrightViewCell.swift; sourceTree = "<group>"; };
		E082715421967589000E8CCD /* MPRecommendViewController.swift */ = {isa = PBXFileReference; lastKnownFileType = sourcecode.swift; path = MPRecommendViewController.swift; sourceTree = "<group>"; };
		E082715621967592000E8CCD /* MPTabBarChildViewController.swift */ = {isa = PBXFileReference; lastKnownFileType = sourcecode.swift; path = MPTabBarChildViewController.swift; sourceTree = "<group>"; };
		E08271582196759B000E8CCD /* MPSearchViewController.swift */ = {isa = PBXFileReference; lastKnownFileType = sourcecode.swift; path = MPSearchViewController.swift; sourceTree = "<group>"; };
		E082715A219675E0000E8CCD /* MPRankViewController.swift */ = {isa = PBXFileReference; lastKnownFileType = sourcecode.swift; path = MPRankViewController.swift; sourceTree = "<group>"; };
		E082715C21967650000E8CCD /* MPBaseData.swift */ = {isa = PBXFileReference; lastKnownFileType = sourcecode.swift; path = MPBaseData.swift; sourceTree = "<group>"; };
		E082715E21967659000E8CCD /* MPRecommendData.swift */ = {isa = PBXFileReference; lastKnownFileType = sourcecode.swift; path = MPRecommendData.swift; sourceTree = "<group>"; };
		E082716021967681000E8CCD /* MPImageSlideshowDelegate.swift */ = {isa = PBXFileReference; lastKnownFileType = sourcecode.swift; path = MPImageSlideshowDelegate.swift; sourceTree = "<group>"; };
		E0827162219676A8000E8CCD /* MPTabBarItemEnum.swift */ = {isa = PBXFileReference; lastKnownFileType = sourcecode.swift; path = MPTabBarItemEnum.swift; sourceTree = "<group>"; };
		E0827164219676AF000E8CCD /* MPErrorEnum.swift */ = {isa = PBXFileReference; lastKnownFileType = sourcecode.swift; path = MPErrorEnum.swift; sourceTree = "<group>"; };
		E0827166219676D1000E8CCD /* UIImageView.swift */ = {isa = PBXFileReference; lastKnownFileType = sourcecode.swift; path = UIImageView.swift; sourceTree = "<group>"; };
		E0827168219676EA000E8CCD /* MPBaseURLSession.swift */ = {isa = PBXFileReference; lastKnownFileType = sourcecode.swift; path = MPBaseURLSession.swift; sourceTree = "<group>"; };
		E082716A219676F3000E8CCD /* MPRecommendAPI.swift */ = {isa = PBXFileReference; lastKnownFileType = sourcecode.swift; path = MPRecommendAPI.swift; sourceTree = "<group>"; };
		E0BFA13B21BFE3AE0001A424 /* bridge.js */ = {isa = PBXFileReference; lastKnownFileType = sourcecode.javascript; path = bridge.js; sourceTree = "<group>"; };
		E0BFA13D21BFE6560001A424 /* Bridge.swift */ = {isa = PBXFileReference; lastKnownFileType = sourcecode.swift; path = Bridge.swift; sourceTree = "<group>"; };
		E0BFA14121C14F6B0001A424 /* HandlerCmd.swift */ = {isa = PBXFileReference; lastKnownFileType = sourcecode.swift; path = HandlerCmd.swift; sourceTree = "<group>"; };
		E0C79A1E21C63E4B0035782F /* LocaleStore.swift */ = {isa = PBXFileReference; lastKnownFileType = sourcecode.swift; path = LocaleStore.swift; sourceTree = "<group>"; };
		E0DD947421B7E4B8009A6E45 /* UIViewController.swift */ = {isa = PBXFileReference; lastKnownFileType = sourcecode.swift; path = UIViewController.swift; sourceTree = "<group>"; };
		E0DD947621B8C1C3009A6E45 /* UIImage.swift */ = {isa = PBXFileReference; lastKnownFileType = sourcecode.swift; path = UIImage.swift; sourceTree = "<group>"; };
		E0F7187B21ABA9AD00D39984 /* PlayerManager.swift */ = {isa = PBXFileReference; lastKnownFileType = sourcecode.swift; path = PlayerManager.swift; sourceTree = "<group>"; };
		E0F7187F21AD6C9E00D39984 /* PlayerDelegate.swift */ = {isa = PBXFileReference; lastKnownFileType = sourcecode.swift; path = PlayerDelegate.swift; sourceTree = "<group>"; };
		F11C89F81F956B26F5F41269 /* Pods_MusicPlayerTests.framework */ = {isa = PBXFileReference; explicitFileType = wrapper.framework; includeInIndex = 0; path = Pods_MusicPlayerTests.framework; sourceTree = BUILT_PRODUCTS_DIR; };
/* End PBXFileReference section */

/* Begin PBXFrameworksBuildPhase section */
		E055385A2195B9E600F6802D /* Frameworks */ = {
			isa = PBXFrameworksBuildPhase;
			buildActionMask = 2147483647;
			files = (
				7B70C814F0243A3C86DD42AD /* Pods_MusicPlayer.framework in Frameworks */,
			);
			runOnlyForDeploymentPostprocessing = 0;
		};
		E055386E2195B9E700F6802D /* Frameworks */ = {
			isa = PBXFrameworksBuildPhase;
			buildActionMask = 2147483647;
			files = (
				2D9D5D8E594A4D32A3D7BB36 /* Pods_MusicPlayerTests.framework in Frameworks */,
			);
			runOnlyForDeploymentPostprocessing = 0;
		};
		E05538792195B9E700F6802D /* Frameworks */ = {
			isa = PBXFrameworksBuildPhase;
			buildActionMask = 2147483647;
			files = (
				E774275020717B9B9358F268 /* Pods_MusicPlayerUITests.framework in Frameworks */,
			);
			runOnlyForDeploymentPostprocessing = 0;
		};
/* End PBXFrameworksBuildPhase section */

/* Begin PBXGroup section */
		29C99FF888CC987124F5E2E7 /* Frameworks */ = {
			isa = PBXGroup;
			children = (
				4A18DFB26413558465D66BA2 /* Pods_MusicPlayer.framework */,
				F11C89F81F956B26F5F41269 /* Pods_MusicPlayerTests.framework */,
				6D8546A4049BA7ACD2E22DA0 /* Pods_MusicPlayerUITests.framework */,
			);
			name = Frameworks;
			sourceTree = "<group>";
		};
		E042437D21B91D0500447846 /* Utils */ = {
			isa = PBXGroup;
			children = (
				E042437E21B91D3500447846 /* time.swift */,
				E0C79A1E21C63E4B0035782F /* LocaleStore.swift */,
			);
			path = Utils;
			sourceTree = "<group>";
		};
		E05538542195B9E600F6802D = {
			isa = PBXGroup;
			children = (
				E055385F2195B9E600F6802D /* MusicPlayer */,
				E05538742195B9E700F6802D /* MusicPlayerTests */,
				E055387F2195B9E700F6802D /* MusicPlayerUITests */,
				E055385E2195B9E600F6802D /* Products */,
				EF4479A8F53C4E9BAFD001A1 /* Pods */,
				29C99FF888CC987124F5E2E7 /* Frameworks */,
			);
			sourceTree = "<group>";
		};
		E055385E2195B9E600F6802D /* Products */ = {
			isa = PBXGroup;
			children = (
				E055385D2195B9E600F6802D /* MusicPlayer.app */,
				E05538712195B9E700F6802D /* MusicPlayerTests.xctest */,
				E055387C2195B9E700F6802D /* MusicPlayerUITests.xctest */,
			);
			name = Products;
			sourceTree = "<group>";
		};
		E055385F2195B9E600F6802D /* MusicPlayer */ = {
			isa = PBXGroup;
			children = (
				E0BFA13A21BFE3300001A424 /* bridge */,
				E042437D21B91D0500447846 /* Utils */,
				E08271452196746D000E8CCD /* Api */,
				E082714421967463000E8CCD /* Extension */,
				E082714321967456000E8CCD /* Enums */,
				E08271422196744A000E8CCD /* Delegates */,
				E08271412196743C000E8CCD /* Data */,
				E082714021967427000E8CCD /* Controllers */,
				E082713F21967414000E8CCD /* Views */,
				E05538602195B9E600F6802D /* AppDelegate.swift */,
				E05538622195B9E600F6802D /* ViewController.swift */,
				E0F7187B21ABA9AD00D39984 /* PlayerManager.swift */,
				E05538642195B9E600F6802D /* Main.storyboard */,
				E05538672195B9E700F6802D /* Assets.xcassets */,
				E05538692195B9E700F6802D /* LaunchScreen.storyboard */,
				E055386C2195B9E700F6802D /* Info.plist */,
			);
			path = MusicPlayer;
			sourceTree = "<group>";
		};
		E05538742195B9E700F6802D /* MusicPlayerTests */ = {
			isa = PBXGroup;
			children = (
				E05538752195B9E700F6802D /* MusicPlayerTests.swift */,
				E05538772195B9E700F6802D /* Info.plist */,
			);
			path = MusicPlayerTests;
			sourceTree = "<group>";
		};
		E055387F2195B9E700F6802D /* MusicPlayerUITests */ = {
			isa = PBXGroup;
			children = (
				E05538802195B9E700F6802D /* MusicPlayerUITests.swift */,
				E05538822195B9E700F6802D /* Info.plist */,
			);
			path = MusicPlayerUITests;
			sourceTree = "<group>";
		};
		E082713F21967414000E8CCD /* Views */ = {
			isa = PBXGroup;
			children = (
				E082714621967518000E8CCD /* MPImageSlideshowView.swift */,
				E082714821967526000E8CCD /* MPImageSlideshowCell.swift */,
				E082714A2196752F000E8CCD /* MPBoxSongViewCell.swift */,
				E082714C21967538000E8CCD /* MPBoxSongViewHeader.swift */,
				E082714E21967541000E8CCD /* MPCollectionEmptyCell.swift */,
				E082715021967549000E8CCD /* MPCopyrightViewCell.swift */,
				E04AA3582197FD3700A40CFB /* MPRankTableViewCell.swift */,
				E00323E2219DA9C500BF96BE /* MPChannelViewHeader.swift */,
				E00323E4219DAA0C00BF96BE /* MPChannelViewCell.swift */,
				E05C81A421A26EEB00F723D9 /* MPPlayContentView.swift */,
			);
			path = Views;
			sourceTree = "<group>";
		};
		E082714021967427000E8CCD /* Controllers */ = {
			isa = PBXGroup;
			children = (
				E082715621967592000E8CCD /* MPTabBarChildViewController.swift */,
				E082715421967589000E8CCD /* MPRecommendViewController.swift */,
				E08271582196759B000E8CCD /* MPSearchViewController.swift */,
				E082715A219675E0000E8CCD /* MPRankViewController.swift */,
				E02D586A219930FB00208FE2 /* MPChannelViewController.swift */,
				E00323EA21A014F300BF96BE /* MPPlayViewController.swift */,
				E042438021BBA86200447846 /* MPWebViewController.swift */,
			);
			path = Controllers;
			sourceTree = "<group>";
		};
		E08271412196743C000E8CCD /* Data */ = {
			isa = PBXGroup;
			children = (
				E082715C21967650000E8CCD /* MPBaseData.swift */,
				E082715E21967659000E8CCD /* MPRecommendData.swift */,
				E04AA35A2198034A00A40CFB /* MPRankData.swift */,
				E00323E6219DB0EA00BF96BE /* MPChannelData.swift */,
			);
			path = Data;
			sourceTree = "<group>";
		};
		E08271422196744A000E8CCD /* Delegates */ = {
			isa = PBXGroup;
			children = (
				E0F7187F21AD6C9E00D39984 /* PlayerDelegate.swift */,
				E082716021967681000E8CCD /* MPImageSlideshowDelegate.swift */,
			);
			path = Delegates;
			sourceTree = "<group>";
		};
		E082714321967456000E8CCD /* Enums */ = {
			isa = PBXGroup;
			children = (
				E0827164219676AF000E8CCD /* MPErrorEnum.swift */,
				E0827162219676A8000E8CCD /* MPTabBarItemEnum.swift */,
			);
			path = Enums;
			sourceTree = "<group>";
		};
		E082714421967463000E8CCD /* Extension */ = {
			isa = PBXGroup;
			children = (
				E04AA3562196D9B500A40CFB /* URL.swift */,
				E0DD947621B8C1C3009A6E45 /* UIImage.swift */,
				E0827166219676D1000E8CCD /* UIImageView.swift */,
				E0DD947421B7E4B8009A6E45 /* UIViewController.swift */,
				E042437B21B915E700447846 /* Notification.swift */,
			);
			path = Extension;
			sourceTree = "<group>";
		};
		E08271452196746D000E8CCD /* Api */ = {
			isa = PBXGroup;
			children = (
				E0827168219676EA000E8CCD /* MPBaseURLSession.swift */,
				E082716A219676F3000E8CCD /* MPRecommendAPI.swift */,
				E04AA35C219822F800A40CFB /* MPRankAPI.swift */,
				E00323E8219FC87E00BF96BE /* MPChannelAPI.swift */,
			);
			path = Api;
			sourceTree = "<group>";
		};
		E0BFA13A21BFE3300001A424 /* bridge */ = {
			isa = PBXGroup;
			children = (
				E0BFA13B21BFE3AE0001A424 /* bridge.js */,
				E0BFA13D21BFE6560001A424 /* Bridge.swift */,
				E0BFA14121C14F6B0001A424 /* HandlerCmd.swift */,
				E05EB1CD21CF3BAF00FB1DE3 /* ImageBridge.swift */,
			);
			path = bridge;
			sourceTree = "<group>";
		};
		EF4479A8F53C4E9BAFD001A1 /* Pods */ = {
			isa = PBXGroup;
			children = (
				0580977DA9B50000CE1FDD00 /* Pods-MusicPlayer.debug.xcconfig */,
				AE2CB32E322C0005EF68E01B /* Pods-MusicPlayer.release.xcconfig */,
				5144B3AA890803659EEE4B1D /* Pods-MusicPlayerTests.debug.xcconfig */,
				DDB188FD9D997023583A9406 /* Pods-MusicPlayerTests.release.xcconfig */,
				55681C6DB539F6B8EBEFA18B /* Pods-MusicPlayerUITests.debug.xcconfig */,
				101B6ED501614CC96DEE4490 /* Pods-MusicPlayerUITests.release.xcconfig */,
			);
			name = Pods;
			sourceTree = "<group>";
		};
/* End PBXGroup section */

/* Begin PBXNativeTarget section */
		E055385C2195B9E600F6802D /* MusicPlayer */ = {
			isa = PBXNativeTarget;
			buildConfigurationList = E05538852195B9E700F6802D /* Build configuration list for PBXNativeTarget "MusicPlayer" */;
			buildPhases = (
				B165CA7450E8047057AE9517 /* [CP] Check Pods Manifest.lock */,
				E05538592195B9E600F6802D /* Sources */,
				E055385A2195B9E600F6802D /* Frameworks */,
				E055385B2195B9E600F6802D /* Resources */,
				3CFE68382E473DA85C310A54 /* [CP] Embed Pods Frameworks */,
			);
			buildRules = (
			);
			dependencies = (
			);
			name = MusicPlayer;
			productName = MusicPlayer;
			productReference = E055385D2195B9E600F6802D /* MusicPlayer.app */;
			productType = "com.apple.product-type.application";
		};
		E05538702195B9E700F6802D /* MusicPlayerTests */ = {
			isa = PBXNativeTarget;
			buildConfigurationList = E05538882195B9E700F6802D /* Build configuration list for PBXNativeTarget "MusicPlayerTests" */;
			buildPhases = (
				505E8928D457C19E888203D5 /* [CP] Check Pods Manifest.lock */,
				E055386D2195B9E700F6802D /* Sources */,
				E055386E2195B9E700F6802D /* Frameworks */,
				E055386F2195B9E700F6802D /* Resources */,
			);
			buildRules = (
			);
			dependencies = (
				E05538732195B9E700F6802D /* PBXTargetDependency */,
			);
			name = MusicPlayerTests;
			productName = MusicPlayerTests;
			productReference = E05538712195B9E700F6802D /* MusicPlayerTests.xctest */;
			productType = "com.apple.product-type.bundle.unit-test";
		};
		E055387B2195B9E700F6802D /* MusicPlayerUITests */ = {
			isa = PBXNativeTarget;
			buildConfigurationList = E055388B2195B9E700F6802D /* Build configuration list for PBXNativeTarget "MusicPlayerUITests" */;
			buildPhases = (
				68DFFD9DE1C85218F225A4E8 /* [CP] Check Pods Manifest.lock */,
				E05538782195B9E700F6802D /* Sources */,
				E05538792195B9E700F6802D /* Frameworks */,
				E055387A2195B9E700F6802D /* Resources */,
			);
			buildRules = (
			);
			dependencies = (
				E055387E2195B9E700F6802D /* PBXTargetDependency */,
			);
			name = MusicPlayerUITests;
			productName = MusicPlayerUITests;
			productReference = E055387C2195B9E700F6802D /* MusicPlayerUITests.xctest */;
			productType = "com.apple.product-type.bundle.ui-testing";
		};
/* End PBXNativeTarget section */

/* Begin PBXProject section */
		E05538552195B9E600F6802D /* Project object */ = {
			isa = PBXProject;
			attributes = {
				LastSwiftUpdateCheck = 0930;
				LastUpgradeCheck = 0930;
				ORGANIZATIONNAME = yang.zhang;
				TargetAttributes = {
					E055385C2195B9E600F6802D = {
						CreatedOnToolsVersion = 9.3;
						LastSwiftMigration = 1010;
						SystemCapabilities = {
							com.apple.BackgroundModes = {
								enabled = 1;
							};
						};
					};
					E05538702195B9E700F6802D = {
						CreatedOnToolsVersion = 9.3;
						LastSwiftMigration = 1010;
						TestTargetID = E055385C2195B9E600F6802D;
					};
					E055387B2195B9E700F6802D = {
						CreatedOnToolsVersion = 9.3;
						LastSwiftMigration = 1010;
						TestTargetID = E055385C2195B9E600F6802D;
					};
				};
			};
			buildConfigurationList = E05538582195B9E600F6802D /* Build configuration list for PBXProject "MusicPlayer" */;
			compatibilityVersion = "Xcode 9.3";
			developmentRegion = en;
			hasScannedForEncodings = 0;
			knownRegions = (
				en,
				Base,
			);
			mainGroup = E05538542195B9E600F6802D;
			productRefGroup = E055385E2195B9E600F6802D /* Products */;
			projectDirPath = "";
			projectRoot = "";
			targets = (
				E055385C2195B9E600F6802D /* MusicPlayer */,
				E05538702195B9E700F6802D /* MusicPlayerTests */,
				E055387B2195B9E700F6802D /* MusicPlayerUITests */,
			);
		};
/* End PBXProject section */

/* Begin PBXResourcesBuildPhase section */
		E055385B2195B9E600F6802D /* Resources */ = {
			isa = PBXResourcesBuildPhase;
			buildActionMask = 2147483647;
			files = (
				E055386B2195B9E700F6802D /* LaunchScreen.storyboard in Resources */,
				E0BFA13C21BFE3AE0001A424 /* bridge.js in Resources */,
				E05538682195B9E700F6802D /* Assets.xcassets in Resources */,
				E05538662195B9E600F6802D /* Main.storyboard in Resources */,
			);
			runOnlyForDeploymentPostprocessing = 0;
		};
		E055386F2195B9E700F6802D /* Resources */ = {
			isa = PBXResourcesBuildPhase;
			buildActionMask = 2147483647;
			files = (
			);
			runOnlyForDeploymentPostprocessing = 0;
		};
		E055387A2195B9E700F6802D /* Resources */ = {
			isa = PBXResourcesBuildPhase;
			buildActionMask = 2147483647;
			files = (
			);
			runOnlyForDeploymentPostprocessing = 0;
		};
/* End PBXResourcesBuildPhase section */

/* Begin PBXShellScriptBuildPhase section */
		3CFE68382E473DA85C310A54 /* [CP] Embed Pods Frameworks */ = {
			isa = PBXShellScriptBuildPhase;
			buildActionMask = 2147483647;
			files = (
			);
			inputPaths = (
				"${SRCROOT}/Pods/Target Support Files/Pods-MusicPlayer/Pods-MusicPlayer-frameworks.sh",
				"${BUILT_PRODUCTS_DIR}/Hero/Hero.framework",
				"${BUILT_PRODUCTS_DIR}/SnapKit/SnapKit.framework",
			);
			name = "[CP] Embed Pods Frameworks";
			outputPaths = (
				"${TARGET_BUILD_DIR}/${FRAMEWORKS_FOLDER_PATH}/Hero.framework",
				"${TARGET_BUILD_DIR}/${FRAMEWORKS_FOLDER_PATH}/SnapKit.framework",
			);
			runOnlyForDeploymentPostprocessing = 0;
			shellPath = /bin/sh;
			shellScript = "\"${SRCROOT}/Pods/Target Support Files/Pods-MusicPlayer/Pods-MusicPlayer-frameworks.sh\"\n";
			showEnvVarsInLog = 0;
		};
		505E8928D457C19E888203D5 /* [CP] Check Pods Manifest.lock */ = {
			isa = PBXShellScriptBuildPhase;
			buildActionMask = 2147483647;
			files = (
			);
			inputPaths = (
				"${PODS_PODFILE_DIR_PATH}/Podfile.lock",
				"${PODS_ROOT}/Manifest.lock",
			);
			name = "[CP] Check Pods Manifest.lock";
			outputPaths = (
				"$(DERIVED_FILE_DIR)/Pods-MusicPlayerTests-checkManifestLockResult.txt",
			);
			runOnlyForDeploymentPostprocessing = 0;
			shellPath = /bin/sh;
			shellScript = "diff \"${PODS_PODFILE_DIR_PATH}/Podfile.lock\" \"${PODS_ROOT}/Manifest.lock\" > /dev/null\nif [ $? != 0 ] ; then\n    # print error to STDERR\n    echo \"error: The sandbox is not in sync with the Podfile.lock. Run 'pod install' or update your CocoaPods installation.\" >&2\n    exit 1\nfi\n# This output is used by Xcode 'outputs' to avoid re-running this script phase.\necho \"SUCCESS\" > \"${SCRIPT_OUTPUT_FILE_0}\"\n";
			showEnvVarsInLog = 0;
		};
		68DFFD9DE1C85218F225A4E8 /* [CP] Check Pods Manifest.lock */ = {
			isa = PBXShellScriptBuildPhase;
			buildActionMask = 2147483647;
			files = (
			);
			inputPaths = (
				"${PODS_PODFILE_DIR_PATH}/Podfile.lock",
				"${PODS_ROOT}/Manifest.lock",
			);
			name = "[CP] Check Pods Manifest.lock";
			outputPaths = (
				"$(DERIVED_FILE_DIR)/Pods-MusicPlayerUITests-checkManifestLockResult.txt",
			);
			runOnlyForDeploymentPostprocessing = 0;
			shellPath = /bin/sh;
			shellScript = "diff \"${PODS_PODFILE_DIR_PATH}/Podfile.lock\" \"${PODS_ROOT}/Manifest.lock\" > /dev/null\nif [ $? != 0 ] ; then\n    # print error to STDERR\n    echo \"error: The sandbox is not in sync with the Podfile.lock. Run 'pod install' or update your CocoaPods installation.\" >&2\n    exit 1\nfi\n# This output is used by Xcode 'outputs' to avoid re-running this script phase.\necho \"SUCCESS\" > \"${SCRIPT_OUTPUT_FILE_0}\"\n";
			showEnvVarsInLog = 0;
		};
		B165CA7450E8047057AE9517 /* [CP] Check Pods Manifest.lock */ = {
			isa = PBXShellScriptBuildPhase;
			buildActionMask = 2147483647;
			files = (
			);
			inputPaths = (
				"${PODS_PODFILE_DIR_PATH}/Podfile.lock",
				"${PODS_ROOT}/Manifest.lock",
			);
			name = "[CP] Check Pods Manifest.lock";
			outputPaths = (
				"$(DERIVED_FILE_DIR)/Pods-MusicPlayer-checkManifestLockResult.txt",
			);
			runOnlyForDeploymentPostprocessing = 0;
			shellPath = /bin/sh;
			shellScript = "diff \"${PODS_PODFILE_DIR_PATH}/Podfile.lock\" \"${PODS_ROOT}/Manifest.lock\" > /dev/null\nif [ $? != 0 ] ; then\n    # print error to STDERR\n    echo \"error: The sandbox is not in sync with the Podfile.lock. Run 'pod install' or update your CocoaPods installation.\" >&2\n    exit 1\nfi\n# This output is used by Xcode 'outputs' to avoid re-running this script phase.\necho \"SUCCESS\" > \"${SCRIPT_OUTPUT_FILE_0}\"\n";
			showEnvVarsInLog = 0;
		};
/* End PBXShellScriptBuildPhase section */

/* Begin PBXSourcesBuildPhase section */
		E05538592195B9E600F6802D /* Sources */ = {
			isa = PBXSourcesBuildPhase;
			buildActionMask = 2147483647;
			files = (
				E0C79A1F21C63E4B0035782F /* LocaleStore.swift in Sources */,
				E082715721967592000E8CCD /* MPTabBarChildViewController.swift in Sources */,
				E04AA35B2198034A00A40CFB /* MPRankData.swift in Sources */,
				E00323E9219FC87E00BF96BE /* MPChannelAPI.swift in Sources */,
				E082714F21967541000E8CCD /* MPCollectionEmptyCell.swift in Sources */,
				E082714B2196752F000E8CCD /* MPBoxSongViewCell.swift in Sources */,
				E00323EB21A014F300BF96BE /* MPPlayViewController.swift in Sources */,
				E0DD947721B8C1C3009A6E45 /* UIImage.swift in Sources */,
				E00323E5219DAA0C00BF96BE /* MPChannelViewCell.swift in Sources */,
				E0BFA13E21BFE6560001A424 /* Bridge.swift in Sources */,
				E042437C21B915E700447846 /* Notification.swift in Sources */,
				E04AA3572196D9B500A40CFB /* URL.swift in Sources */,
				E0DD947521B7E4B8009A6E45 /* UIViewController.swift in Sources */,
				E082715521967589000E8CCD /* MPRecommendViewController.swift in Sources */,
				E02D586B219930FB00208FE2 /* MPChannelViewController.swift in Sources */,
				E042437F21B91D3500447846 /* time.swift in Sources */,
				E05EB1CE21CF3BAF00FB1DE3 /* ImageBridge.swift in Sources */,
				E05C81A521A26EEB00F723D9 /* MPPlayContentView.swift in Sources */,
				E082714721967518000E8CCD /* MPImageSlideshowView.swift in Sources */,
				E042438121BBA86200447846 /* MPWebViewController.swift in Sources */,
				E082715B219675E0000E8CCD /* MPRankViewController.swift in Sources */,
				E08271592196759B000E8CCD /* MPSearchViewController.swift in Sources */,
				E0F7188021AD6C9E00D39984 /* PlayerDelegate.swift in Sources */,
				E0BFA14221C14F6B0001A424 /* HandlerCmd.swift in Sources */,
				E0827169219676EA000E8CCD /* MPBaseURLSession.swift in Sources */,
				E082715F21967659000E8CCD /* MPRecommendData.swift in Sources */,
				E0F7187C21ABA9AD00D39984 /* PlayerManager.swift in Sources */,
				E05538632195B9E600F6802D /* ViewController.swift in Sources */,
				E00323E7219DB0EA00BF96BE /* MPChannelData.swift in Sources */,
				E0827165219676AF000E8CCD /* MPErrorEnum.swift in Sources */,
				E04AA35D219822F800A40CFB /* MPRankAPI.swift in Sources */,
				E04AA3592197FD3700A40CFB /* MPRankTableViewCell.swift in Sources */,
				E0827167219676D1000E8CCD /* UIImageView.swift in Sources */,
				E082716B219676F3000E8CCD /* MPRecommendAPI.swift in Sources */,
				E082714D21967538000E8CCD /* MPBoxSongViewHeader.swift in Sources */,
				E082715121967549000E8CCD /* MPCopyrightViewCell.swift in Sources */,
				E05538612195B9E600F6802D /* AppDelegate.swift in Sources */,
				E082716121967681000E8CCD /* MPImageSlideshowDelegate.swift in Sources */,
				E082714921967526000E8CCD /* MPImageSlideshowCell.swift in Sources */,
				E00323E3219DA9C500BF96BE /* MPChannelViewHeader.swift in Sources */,
				E0827163219676A8000E8CCD /* MPTabBarItemEnum.swift in Sources */,
				E082715D21967650000E8CCD /* MPBaseData.swift in Sources */,
			);
			runOnlyForDeploymentPostprocessing = 0;
		};
		E055386D2195B9E700F6802D /* Sources */ = {
			isa = PBXSourcesBuildPhase;
			buildActionMask = 2147483647;
			files = (
				E05538762195B9E700F6802D /* MusicPlayerTests.swift in Sources */,
			);
			runOnlyForDeploymentPostprocessing = 0;
		};
		E05538782195B9E700F6802D /* Sources */ = {
			isa = PBXSourcesBuildPhase;
			buildActionMask = 2147483647;
			files = (
				E05538812195B9E700F6802D /* MusicPlayerUITests.swift in Sources */,
			);
			runOnlyForDeploymentPostprocessing = 0;
		};
/* End PBXSourcesBuildPhase section */

/* Begin PBXTargetDependency section */
		E05538732195B9E700F6802D /* PBXTargetDependency */ = {
			isa = PBXTargetDependency;
			target = E055385C2195B9E600F6802D /* MusicPlayer */;
			targetProxy = E05538722195B9E700F6802D /* PBXContainerItemProxy */;
		};
		E055387E2195B9E700F6802D /* PBXTargetDependency */ = {
			isa = PBXTargetDependency;
			target = E055385C2195B9E600F6802D /* MusicPlayer */;
			targetProxy = E055387D2195B9E700F6802D /* PBXContainerItemProxy */;
		};
/* End PBXTargetDependency section */

/* Begin PBXVariantGroup section */
		E05538642195B9E600F6802D /* Main.storyboard */ = {
			isa = PBXVariantGroup;
			children = (
				E05538652195B9E600F6802D /* Base */,
			);
			name = Main.storyboard;
			sourceTree = "<group>";
		};
		E05538692195B9E700F6802D /* LaunchScreen.storyboard */ = {
			isa = PBXVariantGroup;
			children = (
				E055386A2195B9E700F6802D /* Base */,
			);
			name = LaunchScreen.storyboard;
			sourceTree = "<group>";
		};
/* End PBXVariantGroup section */

/* Begin XCBuildConfiguration section */
		E05538832195B9E700F6802D /* Debug */ = {
			isa = XCBuildConfiguration;
			buildSettings = {
				ALWAYS_SEARCH_USER_PATHS = NO;
				CLANG_ANALYZER_NONNULL = YES;
				CLANG_ANALYZER_NUMBER_OBJECT_CONVERSION = YES_AGGRESSIVE;
				CLANG_CXX_LANGUAGE_STANDARD = "gnu++14";
				CLANG_CXX_LIBRARY = "libc++";
				CLANG_ENABLE_MODULES = YES;
				CLANG_ENABLE_OBJC_ARC = YES;
				CLANG_ENABLE_OBJC_WEAK = YES;
				CLANG_WARN_BLOCK_CAPTURE_AUTORELEASING = YES;
				CLANG_WARN_BOOL_CONVERSION = YES;
				CLANG_WARN_COMMA = YES;
				CLANG_WARN_CONSTANT_CONVERSION = YES;
				CLANG_WARN_DEPRECATED_OBJC_IMPLEMENTATIONS = YES;
				CLANG_WARN_DIRECT_OBJC_ISA_USAGE = YES_ERROR;
				CLANG_WARN_DOCUMENTATION_COMMENTS = YES;
				CLANG_WARN_EMPTY_BODY = YES;
				CLANG_WARN_ENUM_CONVERSION = YES;
				CLANG_WARN_INFINITE_RECURSION = YES;
				CLANG_WARN_INT_CONVERSION = YES;
				CLANG_WARN_NON_LITERAL_NULL_CONVERSION = YES;
				CLANG_WARN_OBJC_IMPLICIT_RETAIN_SELF = YES;
				CLANG_WARN_OBJC_LITERAL_CONVERSION = YES;
				CLANG_WARN_OBJC_ROOT_CLASS = YES_ERROR;
				CLANG_WARN_RANGE_LOOP_ANALYSIS = YES;
				CLANG_WARN_STRICT_PROTOTYPES = YES;
				CLANG_WARN_SUSPICIOUS_MOVE = YES;
				CLANG_WARN_UNGUARDED_AVAILABILITY = YES_AGGRESSIVE;
				CLANG_WARN_UNREACHABLE_CODE = YES;
				CLANG_WARN__DUPLICATE_METHOD_MATCH = YES;
				CODE_SIGN_IDENTITY = "iPhone Developer";
				COPY_PHASE_STRIP = NO;
				DEBUG_INFORMATION_FORMAT = dwarf;
				ENABLE_STRICT_OBJC_MSGSEND = YES;
				ENABLE_TESTABILITY = YES;
				GCC_C_LANGUAGE_STANDARD = gnu11;
				GCC_DYNAMIC_NO_PIC = NO;
				GCC_NO_COMMON_BLOCKS = YES;
				GCC_OPTIMIZATION_LEVEL = 0;
				GCC_PREPROCESSOR_DEFINITIONS = (
					"DEBUG=1",
					"$(inherited)",
				);
				GCC_WARN_64_TO_32_BIT_CONVERSION = YES;
				GCC_WARN_ABOUT_RETURN_TYPE = YES_ERROR;
				GCC_WARN_UNDECLARED_SELECTOR = YES;
				GCC_WARN_UNINITIALIZED_AUTOS = YES_AGGRESSIVE;
				GCC_WARN_UNUSED_FUNCTION = YES;
				GCC_WARN_UNUSED_VARIABLE = YES;
				IPHONEOS_DEPLOYMENT_TARGET = 11.3;
				MTL_ENABLE_DEBUG_INFO = YES;
				ONLY_ACTIVE_ARCH = YES;
				SDKROOT = iphoneos;
				SWIFT_ACTIVE_COMPILATION_CONDITIONS = DEBUG;
				SWIFT_OPTIMIZATION_LEVEL = "-Onone";
			};
			name = Debug;
		};
		E05538842195B9E700F6802D /* Release */ = {
			isa = XCBuildConfiguration;
			buildSettings = {
				ALWAYS_SEARCH_USER_PATHS = NO;
				CLANG_ANALYZER_NONNULL = YES;
				CLANG_ANALYZER_NUMBER_OBJECT_CONVERSION = YES_AGGRESSIVE;
				CLANG_CXX_LANGUAGE_STANDARD = "gnu++14";
				CLANG_CXX_LIBRARY = "libc++";
				CLANG_ENABLE_MODULES = YES;
				CLANG_ENABLE_OBJC_ARC = YES;
				CLANG_ENABLE_OBJC_WEAK = YES;
				CLANG_WARN_BLOCK_CAPTURE_AUTORELEASING = YES;
				CLANG_WARN_BOOL_CONVERSION = YES;
				CLANG_WARN_COMMA = YES;
				CLANG_WARN_CONSTANT_CONVERSION = YES;
				CLANG_WARN_DEPRECATED_OBJC_IMPLEMENTATIONS = YES;
				CLANG_WARN_DIRECT_OBJC_ISA_USAGE = YES_ERROR;
				CLANG_WARN_DOCUMENTATION_COMMENTS = YES;
				CLANG_WARN_EMPTY_BODY = YES;
				CLANG_WARN_ENUM_CONVERSION = YES;
				CLANG_WARN_INFINITE_RECURSION = YES;
				CLANG_WARN_INT_CONVERSION = YES;
				CLANG_WARN_NON_LITERAL_NULL_CONVERSION = YES;
				CLANG_WARN_OBJC_IMPLICIT_RETAIN_SELF = YES;
				CLANG_WARN_OBJC_LITERAL_CONVERSION = YES;
				CLANG_WARN_OBJC_ROOT_CLASS = YES_ERROR;
				CLANG_WARN_RANGE_LOOP_ANALYSIS = YES;
				CLANG_WARN_STRICT_PROTOTYPES = YES;
				CLANG_WARN_SUSPICIOUS_MOVE = YES;
				CLANG_WARN_UNGUARDED_AVAILABILITY = YES_AGGRESSIVE;
				CLANG_WARN_UNREACHABLE_CODE = YES;
				CLANG_WARN__DUPLICATE_METHOD_MATCH = YES;
				CODE_SIGN_IDENTITY = "iPhone Developer";
				COPY_PHASE_STRIP = NO;
				DEBUG_INFORMATION_FORMAT = "dwarf-with-dsym";
				ENABLE_NS_ASSERTIONS = NO;
				ENABLE_STRICT_OBJC_MSGSEND = YES;
				GCC_C_LANGUAGE_STANDARD = gnu11;
				GCC_NO_COMMON_BLOCKS = YES;
				GCC_WARN_64_TO_32_BIT_CONVERSION = YES;
				GCC_WARN_ABOUT_RETURN_TYPE = YES_ERROR;
				GCC_WARN_UNDECLARED_SELECTOR = YES;
				GCC_WARN_UNINITIALIZED_AUTOS = YES_AGGRESSIVE;
				GCC_WARN_UNUSED_FUNCTION = YES;
				GCC_WARN_UNUSED_VARIABLE = YES;
				IPHONEOS_DEPLOYMENT_TARGET = 11.3;
				MTL_ENABLE_DEBUG_INFO = NO;
				SDKROOT = iphoneos;
				SWIFT_COMPILATION_MODE = wholemodule;
				SWIFT_OPTIMIZATION_LEVEL = "-O";
				VALIDATE_PRODUCT = YES;
			};
			name = Release;
		};
		E05538862195B9E700F6802D /* Debug */ = {
			isa = XCBuildConfiguration;
			baseConfigurationReference = 0580977DA9B50000CE1FDD00 /* Pods-MusicPlayer.debug.xcconfig */;
			buildSettings = {
				ASSETCATALOG_COMPILER_APPICON_NAME = AppIcon;
				CODE_SIGN_IDENTITY = "iPhone Developer";
				"CODE_SIGN_IDENTITY[sdk=*]" = "iPhone Developer";
				CODE_SIGN_STYLE = Automatic;
				DEVELOPMENT_TEAM = 8ZVDCAVN53;
				INFOPLIST_FILE = MusicPlayer/Info.plist;
				IPHONEOS_DEPLOYMENT_TARGET = 11.0;
				LD_RUNPATH_SEARCH_PATHS = (
					"$(inherited)",
					"@executable_path/Frameworks",
				);
				PRODUCT_BUNDLE_IDENTIFIER = snayan2018.MusicPlayer;
				PRODUCT_NAME = "$(TARGET_NAME)";
				PROVISIONING_PROFILE_SPECIFIER = "";
				SWIFT_VERSION = 4.2;
				TARGETED_DEVICE_FAMILY = 1;
			};
			name = Debug;
		};
		E05538872195B9E700F6802D /* Release */ = {
			isa = XCBuildConfiguration;
			baseConfigurationReference = AE2CB32E322C0005EF68E01B /* Pods-MusicPlayer.release.xcconfig */;
			buildSettings = {
				ASSETCATALOG_COMPILER_APPICON_NAME = AppIcon;
				CODE_SIGN_IDENTITY = "iPhone Developer";
				"CODE_SIGN_IDENTITY[sdk=*]" = "iPhone Developer";
				CODE_SIGN_STYLE = Automatic;
				DEVELOPMENT_TEAM = 8ZVDCAVN53;
				INFOPLIST_FILE = MusicPlayer/Info.plist;
				IPHONEOS_DEPLOYMENT_TARGET = 11.0;
				LD_RUNPATH_SEARCH_PATHS = (
					"$(inherited)",
					"@executable_path/Frameworks",
				);
				PRODUCT_BUNDLE_IDENTIFIER = snayan2018.MusicPlayer;
				PRODUCT_NAME = "$(TARGET_NAME)";
				PROVISIONING_PROFILE_SPECIFIER = "";
				SWIFT_VERSION = 4.2;
				TARGETED_DEVICE_FAMILY = 1;
			};
			name = Release;
		};
		E05538892195B9E700F6802D /* Debug */ = {
			isa = XCBuildConfiguration;
			baseConfigurationReference = 5144B3AA890803659EEE4B1D /* Pods-MusicPlayerTests.debug.xcconfig */;
			buildSettings = {
				ALWAYS_EMBED_SWIFT_STANDARD_LIBRARIES = YES;
				BUNDLE_LOADER = "$(TEST_HOST)";
				CODE_SIGN_STYLE = Automatic;
				INFOPLIST_FILE = MusicPlayerTests/Info.plist;
				LD_RUNPATH_SEARCH_PATHS = (
					"$(inherited)",
					"@executable_path/Frameworks",
					"@loader_path/Frameworks",
				);
				PRODUCT_BUNDLE_IDENTIFIER = snayan.MusicPlayerTests;
				PRODUCT_NAME = "$(TARGET_NAME)";
				SWIFT_VERSION = 4.2;
				TARGETED_DEVICE_FAMILY = "1,2";
				TEST_HOST = "$(BUILT_PRODUCTS_DIR)/MusicPlayer.app/MusicPlayer";
			};
			name = Debug;
		};
		E055388A2195B9E700F6802D /* Release */ = {
			isa = XCBuildConfiguration;
			baseConfigurationReference = DDB188FD9D997023583A9406 /* Pods-MusicPlayerTests.release.xcconfig */;
			buildSettings = {
				ALWAYS_EMBED_SWIFT_STANDARD_LIBRARIES = YES;
				BUNDLE_LOADER = "$(TEST_HOST)";
				CODE_SIGN_STYLE = Automatic;
				INFOPLIST_FILE = MusicPlayerTests/Info.plist;
				LD_RUNPATH_SEARCH_PATHS = (
					"$(inherited)",
					"@executable_path/Frameworks",
					"@loader_path/Frameworks",
				);
				PRODUCT_BUNDLE_IDENTIFIER = snayan.MusicPlayerTests;
				PRODUCT_NAME = "$(TARGET_NAME)";
				SWIFT_VERSION = 4.2;
				TARGETED_DEVICE_FAMILY = "1,2";
				TEST_HOST = "$(BUILT_PRODUCTS_DIR)/MusicPlayer.app/MusicPlayer";
			};
			name = Release;
		};
		E055388C2195B9E700F6802D /* Debug */ = {
			isa = XCBuildConfiguration;
			baseConfigurationReference = 55681C6DB539F6B8EBEFA18B /* Pods-MusicPlayerUITests.debug.xcconfig */;
			buildSettings = {
				ALWAYS_EMBED_SWIFT_STANDARD_LIBRARIES = YES;
				CODE_SIGN_STYLE = Automatic;
				INFOPLIST_FILE = MusicPlayerUITests/Info.plist;
				LD_RUNPATH_SEARCH_PATHS = (
					"$(inherited)",
					"@executable_path/Frameworks",
					"@loader_path/Frameworks",
				);
				PRODUCT_BUNDLE_IDENTIFIER = snayan.MusicPlayerUITests;
				PRODUCT_NAME = "$(TARGET_NAME)";
				SWIFT_VERSION = 4.2;
				TARGETED_DEVICE_FAMILY = "1,2";
				TEST_TARGET_NAME = MusicPlayer;
			};
			name = Debug;
		};
		E055388D2195B9E700F6802D /* Release */ = {
			isa = XCBuildConfiguration;
			baseConfigurationReference = 101B6ED501614CC96DEE4490 /* Pods-MusicPlayerUITests.release.xcconfig */;
			buildSettings = {
				ALWAYS_EMBED_SWIFT_STANDARD_LIBRARIES = YES;
				CODE_SIGN_STYLE = Automatic;
				INFOPLIST_FILE = MusicPlayerUITests/Info.plist;
				LD_RUNPATH_SEARCH_PATHS = (
					"$(inherited)",
					"@executable_path/Frameworks",
					"@loader_path/Frameworks",
				);
				PRODUCT_BUNDLE_IDENTIFIER = snayan.MusicPlayerUITests;
				PRODUCT_NAME = "$(TARGET_NAME)";
				SWIFT_VERSION = 4.2;
				TARGETED_DEVICE_FAMILY = "1,2";
				TEST_TARGET_NAME = MusicPlayer;
			};
			name = Release;
		};
/* End XCBuildConfiguration section */

/* Begin XCConfigurationList section */
		E05538582195B9E600F6802D /* Build configuration list for PBXProject "MusicPlayer" */ = {
			isa = XCConfigurationList;
			buildConfigurations = (
				E05538832195B9E700F6802D /* Debug */,
				E05538842195B9E700F6802D /* Release */,
			);
			defaultConfigurationIsVisible = 0;
			defaultConfigurationName = Release;
		};
		E05538852195B9E700F6802D /* Build configuration list for PBXNativeTarget "MusicPlayer" */ = {
			isa = XCConfigurationList;
			buildConfigurations = (
				E05538862195B9E700F6802D /* Debug */,
				E05538872195B9E700F6802D /* Release */,
			);
			defaultConfigurationIsVisible = 0;
			defaultConfigurationName = Release;
		};
		E05538882195B9E700F6802D /* Build configuration list for PBXNativeTarget "MusicPlayerTests" */ = {
			isa = XCConfigurationList;
			buildConfigurations = (
				E05538892195B9E700F6802D /* Debug */,
				E055388A2195B9E700F6802D /* Release */,
			);
			defaultConfigurationIsVisible = 0;
			defaultConfigurationName = Release;
		};
		E055388B2195B9E700F6802D /* Build configuration list for PBXNativeTarget "MusicPlayerUITests" */ = {
			isa = XCConfigurationList;
			buildConfigurations = (
				E055388C2195B9E700F6802D /* Debug */,
				E055388D2195B9E700F6802D /* Release */,
			);
			defaultConfigurationIsVisible = 0;
			defaultConfigurationName = Release;
		};
/* End XCConfigurationList section */
	};
	rootObject = E05538552195B9E600F6802D /* Project object */;
}
